
Microsoft Visual Studio Solution File, Format Version 12.00
# Visual Studio 2017
Project("{FAE04EC0-301F-11D3-BF4B-00C04F79EFBC}") = "UnityDGM1600", "UnityDGM1600.csproj", "{1B2B7425-E4DA-30F7-F344-25B5363E3E4B}"
EndProject
Global
	GlobalSection(SolutionConfigurationPlatforms) = preSolution
		Debug|Any CPU = Debug|Any CPU
		Release|Any CPU = Release|Any CPU
	EndGlobalSection
	GlobalSection(ProjectConfigurationPlatforms) = postSolution
		{1B2B7425-E4DA-30F7-F344-25B5363E3E4B}.Debug|Any CPU.ActiveCfg = Debug|Any CPU
		{1B2B7425-E4DA-30F7-F344-25B5363E3E4B}.Debug|Any CPU.Build.0 = Debug|Any CPU
		{1B2B7425-E4DA-30F7-F344-25B5363E3E4B}.Release|Any CPU.ActiveCfg = Release|Any CPU
		{1B2B7425-E4DA-30F7-F344-25B5363E3E4B}.Release|Any CPU.Build.0 = Release|Any CPU
	EndGlobalSection
	GlobalSection(SolutionProperties) = preSolution
		HideSolutionNode = FALSE
	EndGlobalSection
EndGlobal
